
Microsoft Visual Studio Solution File, Format Version 12.00
# Visual Studio 15
VisualStudioVersion = 15.0.27703.2035
MinimumVisualStudioVersion = 10.0.40219.1
Project("{FAE04EC0-301F-11D3-BF4B-00C04F79EFBC}") = "Pawliner", "Pawliner\Pawliner.csproj", "{6F81640D-B6B7-4867-9F3C-FE0A7B7395F7}"
EndProject
Project("{FAE04EC0-301F-11D3-BF4B-00C04F79EFBC}") = "Pawliner.DataProvider", "Pawliner.DataProvider\Pawliner.DataProvider.csproj", "{2EE1AA92-7546-4E0E-A5DC-59D6ED369AF2}"
EndProject
Global
	GlobalSection(SolutionConfigurationPlatforms) = preSolution
		Debug|Any CPU = Debug|Any CPU
		Release|Any CPU = Release|Any CPU
	EndGlobalSection
	GlobalSection(ProjectConfigurationPlatforms) = postSolution
		{6F81640D-B6B7-4867-9F3C-FE0A7B7395F7}.Debug|Any CPU.ActiveCfg = Debug|Any CPU
		{6F81640D-B6B7-4867-9F3C-FE0A7B7395F7}.Debug|Any CPU.Build.0 = Debug|Any CPU
		{6F81640D-B6B7-4867-9F3C-FE0A7B7395F7}.Release|Any CPU.ActiveCfg = Release|Any CPU
		{6F81640D-B6B7-4867-9F3C-FE0A7B7395F7}.Release|Any CPU.Build.0 = Release|Any CPU
		{2EE1AA92-7546-4E0E-A5DC-59D6ED369AF2}.Debug|Any CPU.ActiveCfg = Debug|Any CPU
		{2EE1AA92-7546-4E0E-A5DC-59D6ED369AF2}.Debug|Any CPU.Build.0 = Debug|Any CPU
		{2EE1AA92-7546-4E0E-A5DC-59D6ED369AF2}.Release|Any CPU.ActiveCfg = Release|Any CPU
		{2EE1AA92-7546-4E0E-A5DC-59D6ED369AF2}.Release|Any CPU.Build.0 = Release|Any CPU
	EndGlobalSection
	GlobalSection(SolutionProperties) = preSolution
		HideSolutionNode = FALSE
	EndGlobalSection
	GlobalSection(ExtensibilityGlobals) = postSolution
		SolutionGuid = {D3389C18-7591-4697-AF58-611B1D1C2EB0}
	EndGlobalSection
EndGlobal
